
Microsoft Visual Studio Solution File, Format Version 12.00
# Visual Studio Version 17
VisualStudioVersion = 17.5.002.0
MinimumVisualStudioVersion = 10.0.40219.1
Project("{9A19103F-16F7-4668-BE54-9A1E7A4F7556}") = "teoria7", "teoria7.csproj", "{DB28DA27-85B6-4282-960F-1543A7D5991D}"
EndProject
Global
	GlobalSection(SolutionConfigurationPlatforms) = preSolution
		Debug|Any CPU = Debug|Any CPU
		Release|Any CPU = Release|Any CPU
	EndGlobalSection
	GlobalSection(ProjectConfigurationPlatforms) = postSolution
		{DB28DA27-85B6-4282-960F-1543A7D5991D}.Debug|Any CPU.ActiveCfg = Debug|Any CPU
		{DB28DA27-85B6-4282-960F-1543A7D5991D}.Debug|Any CPU.Build.0 = Debug|Any CPU
		{DB28DA27-85B6-4282-960F-1543A7D5991D}.Release|Any CPU.ActiveCfg = Release|Any CPU
		{DB28DA27-85B6-4282-960F-1543A7D5991D}.Release|Any CPU.Build.0 = Release|Any CPU
	EndGlobalSection
	GlobalSection(SolutionProperties) = preSolution
		HideSolutionNode = FALSE
	EndGlobalSection
	GlobalSection(ExtensibilityGlobals) = postSolution
		SolutionGuid = {A71814FA-629B-46EE-BAF6-6987FF7080E7}
	EndGlobalSection
EndGlobal
