
Microsoft Visual Studio Solution File, Format Version 12.00
# Visual Studio Version 17
VisualStudioVersion = 17.5.002.0
MinimumVisualStudioVersion = 10.0.40219.1
Project("{9A19103F-16F7-4668-BE54-9A1E7A4F7556}") = "Escuela", "Escuela.csproj", "{B548366E-E58E-42A3-94BB-B41D9A6CE96C}"
EndProject
Global
	GlobalSection(SolutionConfigurationPlatforms) = preSolution
		Debug|Any CPU = Debug|Any CPU
		Release|Any CPU = Release|Any CPU
	EndGlobalSection
	GlobalSection(ProjectConfigurationPlatforms) = postSolution
		{B548366E-E58E-42A3-94BB-B41D9A6CE96C}.Debug|Any CPU.ActiveCfg = Debug|Any CPU
		{B548366E-E58E-42A3-94BB-B41D9A6CE96C}.Debug|Any CPU.Build.0 = Debug|Any CPU
		{B548366E-E58E-42A3-94BB-B41D9A6CE96C}.Release|Any CPU.ActiveCfg = Release|Any CPU
		{B548366E-E58E-42A3-94BB-B41D9A6CE96C}.Release|Any CPU.Build.0 = Release|Any CPU
	EndGlobalSection
	GlobalSection(SolutionProperties) = preSolution
		HideSolutionNode = FALSE
	EndGlobalSection
	GlobalSection(ExtensibilityGlobals) = postSolution
		SolutionGuid = {F13B9B5C-5025-48CE-8883-30DCAD7EC349}
	EndGlobalSection
EndGlobal
